// !$*UTF8*$!
{
	archiveVersion = 1;
	classes = {
	};
	objectVersion = 48;
	objects = {

/* Begin PBXBuildFile section */
		4E8C233E203F2BC800A937FE /* AppDelegate.swift in Sources */ = {isa = PBXBuildFile; fileRef = 4E8C233D203F2BC800A937FE /* AppDelegate.swift */; };
		4E8C2343203F2BC800A937FE /* Main.storyboard in Resources */ = {isa = PBXBuildFile; fileRef = 4E8C2341203F2BC800A937FE /* Main.storyboard */; };
		4E8C2345203F2BC800A937FE /* Assets.xcassets in Resources */ = {isa = PBXBuildFile; fileRef = 4E8C2344203F2BC800A937FE /* Assets.xcassets */; };
		4E8C2348203F2BC800A937FE /* LaunchScreen.storyboard in Resources */ = {isa = PBXBuildFile; fileRef = 4E8C2346203F2BC800A937FE /* LaunchScreen.storyboard */; };
		4E8C2353203F2BC800A937FE /* senfonicoTests.swift in Sources */ = {isa = PBXBuildFile; fileRef = 4E8C2352203F2BC800A937FE /* senfonicoTests.swift */; };
		4E8C235E203F2BC800A937FE /* senfonicoUITests.swift in Sources */ = {isa = PBXBuildFile; fileRef = 4E8C235D203F2BC800A937FE /* senfonicoUITests.swift */; };
		4E8C2376203F2DC300A937FE /* ServiceManager.swift in Sources */ = {isa = PBXBuildFile; fileRef = 4E8C2375203F2DC300A937FE /* ServiceManager.swift */; };
		4E8C2378203F2E0C00A937FE /* RequestTarget.swift in Sources */ = {isa = PBXBuildFile; fileRef = 4E8C2377203F2E0C00A937FE /* RequestTarget.swift */; };
		4E8C237A203F454100A937FE /* Method.swift in Sources */ = {isa = PBXBuildFile; fileRef = 4E8C2379203F454100A937FE /* Method.swift */; };
		4E8C237C203F464A00A937FE /* Flickr.swift in Sources */ = {isa = PBXBuildFile; fileRef = 4E8C237B203F464A00A937FE /* Flickr.swift */; };
		4E8C237E203F4D8A00A937FE /* APITarget.swift in Sources */ = {isa = PBXBuildFile; fileRef = 4E8C237D203F4D8A00A937FE /* APITarget.swift */; };
		4E8C2380203F67D900A937FE /* ResponseModel.swift in Sources */ = {isa = PBXBuildFile; fileRef = 4E8C237F203F67D900A937FE /* ResponseModel.swift */; };
		4E8C2382203F689300A937FE /* BaseModel.swift in Sources */ = {isa = PBXBuildFile; fileRef = 4E8C2381203F689300A937FE /* BaseModel.swift */; };
		4E8C2388204018C800A937FE /* UITableView+Extensions.swift in Sources */ = {isa = PBXBuildFile; fileRef = 4E8C2387204018C800A937FE /* UITableView+Extensions.swift */; };
		4E8C238E20401ADD00A937FE /* PhotoCollectionViewCell.swift in Sources */ = {isa = PBXBuildFile; fileRef = 4E8C238C20401ADD00A937FE /* PhotoCollectionViewCell.swift */; };
		4E8C238F20401ADD00A937FE /* PhotoCollectionViewCell.xib in Resources */ = {isa = PBXBuildFile; fileRef = 4E8C238D20401ADD00A937FE /* PhotoCollectionViewCell.xib */; };
		4E8C239220401AF300A937FE /* VideoTableViewCell.swift in Sources */ = {isa = PBXBuildFile; fileRef = 4E8C239020401AF300A937FE /* VideoTableViewCell.swift */; };
		4E8C239320401AF300A937FE /* VideoTableViewCell.xib in Resources */ = {isa = PBXBuildFile; fileRef = 4E8C239120401AF300A937FE /* VideoTableViewCell.xib */; };
		4E8C239720401F7E00A937FE /* BaseViewController.swift in Sources */ = {isa = PBXBuildFile; fileRef = 4E8C239620401F7E00A937FE /* BaseViewController.swift */; };
		4E8C239920401F8900A937FE /* PageController.swift in Sources */ = {isa = PBXBuildFile; fileRef = 4E8C239820401F8900A937FE /* PageController.swift */; };
		4E8C239D204020C400A937FE /* PhotoCollectionViewController.swift in Sources */ = {isa = PBXBuildFile; fileRef = 4E8C239C204020C400A937FE /* PhotoCollectionViewController.swift */; };
		4E8C239F2040260100A937FE /* VideoTableViewController.swift in Sources */ = {isa = PBXBuildFile; fileRef = 4E8C239E2040260100A937FE /* VideoTableViewController.swift */; };
		4E8C23A12040262800A937FE /* MediaDetailPageViewController.swift in Sources */ = {isa = PBXBuildFile; fileRef = 4E8C23A02040262800A937FE /* MediaDetailPageViewController.swift */; };
		4E8C23A320403B7A00A937FE /* MainViewController.swift in Sources */ = {isa = PBXBuildFile; fileRef = 4E8C23A220403B7A00A937FE /* MainViewController.swift */; };
		4E8C23A820403C1300A937FE /* MainViewModel.swift in Sources */ = {isa = PBXBuildFile; fileRef = 4E8C23A720403C1300A937FE /* MainViewModel.swift */; };
		4E8C23AB20403D7B00A937FE /* Cell+Extensions.swift in Sources */ = {isa = PBXBuildFile; fileRef = 4E8C23AA20403D7B00A937FE /* Cell+Extensions.swift */; };
		4E8C23AD20403DCE00A937FE /* BaseCellViewModel.swift in Sources */ = {isa = PBXBuildFile; fileRef = 4E8C23AC20403DCE00A937FE /* BaseCellViewModel.swift */; };
		4E8C23AF2040430800A937FE /* UICollectionView+Extensions.swift in Sources */ = {isa = PBXBuildFile; fileRef = 4E8C23AE2040430800A937FE /* UICollectionView+Extensions.swift */; };
		4E8C23B120405EA000A937FE /* MediaPageModel.swift in Sources */ = {isa = PBXBuildFile; fileRef = 4E8C23B020405EA000A937FE /* MediaPageModel.swift */; };
		4E8C23B320405EEC00A937FE /* PhotoModel.swift in Sources */ = {isa = PBXBuildFile; fileRef = 4E8C23B220405EEC00A937FE /* PhotoModel.swift */; };
		4E8C23B52040786F00A937FE /* UIButton+Extensions.swift in Sources */ = {isa = PBXBuildFile; fileRef = 4E8C23B42040786F00A937FE /* UIButton+Extensions.swift */; };
		4E8C23B720407BBF00A937FE /* PhotoCollectionViewController.xib in Resources */ = {isa = PBXBuildFile; fileRef = 4E8C23B620407BBF00A937FE /* PhotoCollectionViewController.xib */; };
		4E8C23B920407C0700A937FE /* VideoTableViewController.xib in Resources */ = {isa = PBXBuildFile; fileRef = 4E8C23B820407C0700A937FE /* VideoTableViewController.xib */; };
		4E8C23BC20407EC800A937FE /* MainManager.swift in Sources */ = {isa = PBXBuildFile; fileRef = 4E8C23BB20407EC800A937FE /* MainManager.swift */; };
		4E8C23C020408B6C00A937FE /* LoadingView.swift in Sources */ = {isa = PBXBuildFile; fileRef = 4E8C23BE20408B6C00A937FE /* LoadingView.swift */; };
		4E8C23C120408B6C00A937FE /* LoadingView.xib in Resources */ = {isa = PBXBuildFile; fileRef = 4E8C23BF20408B6C00A937FE /* LoadingView.xib */; };
		4EF53A0320434A4600AE9B31 /* UIImageView+Extensions.swift in Sources */ = {isa = PBXBuildFile; fileRef = 4EF53A0220434A4600AE9B31 /* UIImageView+Extensions.swift */; };
		4EF53A052044235200AE9B31 /* PhotosViewModel.swift in Sources */ = {isa = PBXBuildFile; fileRef = 4EF53A042044235200AE9B31 /* PhotosViewModel.swift */; };
		4EF53A072044235E00AE9B31 /* MediaCellViewModel.swift in Sources */ = {isa = PBXBuildFile; fileRef = 4EF53A062044235E00AE9B31 /* MediaCellViewModel.swift */; };
		4EF53A092044284500AE9B31 /* String+Extensions.swift in Sources */ = {isa = PBXBuildFile; fileRef = 4EF53A082044284500AE9B31 /* String+Extensions.swift */; };
		4EF53A0B204429F600AE9B31 /* PaginationManager.swift in Sources */ = {isa = PBXBuildFile; fileRef = 4EF53A0A204429F600AE9B31 /* PaginationManager.swift */; };
		4EF53A0D2044697A00AE9B31 /* GettyImage.swift in Sources */ = {isa = PBXBuildFile; fileRef = 4EF53A0C2044697A00AE9B31 /* GettyImage.swift */; };
		4EF53A102044878E00AE9B31 /* BakerView.swift in Sources */ = {isa = PBXBuildFile; fileRef = 4EF53A0F2044878E00AE9B31 /* BakerView.swift */; };
		4EF53A1220449F4A00AE9B31 /* VideoModel.swift in Sources */ = {isa = PBXBuildFile; fileRef = 4EF53A1120449F4A00AE9B31 /* VideoModel.swift */; };
		4EF53A142044A55D00AE9B31 /* MediasViewModel.swift in Sources */ = {isa = PBXBuildFile; fileRef = 4EF53A132044A55D00AE9B31 /* MediasViewModel.swift */; };
		4EF53A162044AB0700AE9B31 /* VideosViewModel.swift in Sources */ = {isa = PBXBuildFile; fileRef = 4EF53A152044AB0700AE9B31 /* VideosViewModel.swift */; };
		4EF53A1A2044BF1100AE9B31 /* MediaDetailContentViewController.swift in Sources */ = {isa = PBXBuildFile; fileRef = 4EF53A182044BF1100AE9B31 /* MediaDetailContentViewController.swift */; };
		4EF53A1B2044BF1100AE9B31 /* MediaDetailContentViewController.xib in Resources */ = {isa = PBXBuildFile; fileRef = 4EF53A192044BF1100AE9B31 /* MediaDetailContentViewController.xib */; };
/* End PBXBuildFile section */

/* Begin PBXContainerItemProxy section */
		4E8C234F203F2BC800A937FE /* PBXContainerItemProxy */ = {
			isa = PBXContainerItemProxy;
			containerPortal = 4E8C2332203F2BC800A937FE /* Project object */;
			proxyType = 1;
			remoteGlobalIDString = 4E8C2339203F2BC800A937FE;
			remoteInfo = senfonico;
		};
		4E8C235A203F2BC800A937FE /* PBXContainerItemProxy */ = {
			isa = PBXContainerItemProxy;
			containerPortal = 4E8C2332203F2BC800A937FE /* Project object */;
			proxyType = 1;
			remoteGlobalIDString = 4E8C2339203F2BC800A937FE;
			remoteInfo = senfonico;
		};
/* End PBXContainerItemProxy section */

/* Begin PBXFileReference section */
		4E8C233A203F2BC800A937FE /* senfonico.app */ = {isa = PBXFileReference; explicitFileType = wrapper.application; includeInIndex = 0; path = senfonico.app; sourceTree = BUILT_PRODUCTS_DIR; };
		4E8C233D203F2BC800A937FE /* AppDelegate.swift */ = {isa = PBXFileReference; lastKnownFileType = sourcecode.swift; path = AppDelegate.swift; sourceTree = "<group>"; };
		4E8C2342203F2BC800A937FE /* Base */ = {isa = PBXFileReference; lastKnownFileType = file.storyboard; name = Base; path = Base.lproj/Main.storyboard; sourceTree = "<group>"; };
		4E8C2344203F2BC800A937FE /* Assets.xcassets */ = {isa = PBXFileReference; lastKnownFileType = folder.assetcatalog; path = Assets.xcassets; sourceTree = "<group>"; };
		4E8C2347203F2BC800A937FE /* Base */ = {isa = PBXFileReference; lastKnownFileType = file.storyboard; name = Base; path = Base.lproj/LaunchScreen.storyboard; sourceTree = "<group>"; };
		4E8C2349203F2BC800A937FE /* Info.plist */ = {isa = PBXFileReference; lastKnownFileType = text.plist.xml; path = Info.plist; sourceTree = "<group>"; };
		4E8C234E203F2BC800A937FE /* senfonicoTests.xctest */ = {isa = PBXFileReference; explicitFileType = wrapper.cfbundle; includeInIndex = 0; path = senfonicoTests.xctest; sourceTree = BUILT_PRODUCTS_DIR; };
		4E8C2352203F2BC800A937FE /* senfonicoTests.swift */ = {isa = PBXFileReference; lastKnownFileType = sourcecode.swift; path = senfonicoTests.swift; sourceTree = "<group>"; };
		4E8C2354203F2BC800A937FE /* Info.plist */ = {isa = PBXFileReference; lastKnownFileType = text.plist.xml; path = Info.plist; sourceTree = "<group>"; };
		4E8C2359203F2BC800A937FE /* senfonicoUITests.xctest */ = {isa = PBXFileReference; explicitFileType = wrapper.cfbundle; includeInIndex = 0; path = senfonicoUITests.xctest; sourceTree = BUILT_PRODUCTS_DIR; };
		4E8C235D203F2BC800A937FE /* senfonicoUITests.swift */ = {isa = PBXFileReference; lastKnownFileType = sourcecode.swift; path = senfonicoUITests.swift; sourceTree = "<group>"; };
		4E8C235F203F2BC800A937FE /* Info.plist */ = {isa = PBXFileReference; lastKnownFileType = text.plist.xml; path = Info.plist; sourceTree = "<group>"; };
		4E8C2375203F2DC300A937FE /* ServiceManager.swift */ = {isa = PBXFileReference; lastKnownFileType = sourcecode.swift; path = ServiceManager.swift; sourceTree = "<group>"; };
		4E8C2377203F2E0C00A937FE /* RequestTarget.swift */ = {isa = PBXFileReference; lastKnownFileType = sourcecode.swift; path = RequestTarget.swift; sourceTree = "<group>"; };
		4E8C2379203F454100A937FE /* Method.swift */ = {isa = PBXFileReference; lastKnownFileType = sourcecode.swift; path = Method.swift; sourceTree = "<group>"; };
		4E8C237B203F464A00A937FE /* Flickr.swift */ = {isa = PBXFileReference; lastKnownFileType = sourcecode.swift; path = Flickr.swift; sourceTree = "<group>"; };
		4E8C237D203F4D8A00A937FE /* APITarget.swift */ = {isa = PBXFileReference; lastKnownFileType = sourcecode.swift; path = APITarget.swift; sourceTree = "<group>"; };
		4E8C237F203F67D900A937FE /* ResponseModel.swift */ = {isa = PBXFileReference; lastKnownFileType = sourcecode.swift; path = ResponseModel.swift; sourceTree = "<group>"; };
		4E8C2381203F689300A937FE /* BaseModel.swift */ = {isa = PBXFileReference; lastKnownFileType = sourcecode.swift; path = BaseModel.swift; sourceTree = "<group>"; };
		4E8C2387204018C800A937FE /* UITableView+Extensions.swift */ = {isa = PBXFileReference; lastKnownFileType = sourcecode.swift; path = "UITableView+Extensions.swift"; sourceTree = "<group>"; };
		4E8C238C20401ADD00A937FE /* PhotoCollectionViewCell.swift */ = {isa = PBXFileReference; lastKnownFileType = sourcecode.swift; path = PhotoCollectionViewCell.swift; sourceTree = "<group>"; };
		4E8C238D20401ADD00A937FE /* PhotoCollectionViewCell.xib */ = {isa = PBXFileReference; lastKnownFileType = file.xib; path = PhotoCollectionViewCell.xib; sourceTree = "<group>"; };
		4E8C239020401AF300A937FE /* VideoTableViewCell.swift */ = {isa = PBXFileReference; lastKnownFileType = sourcecode.swift; path = VideoTableViewCell.swift; sourceTree = "<group>"; };
		4E8C239120401AF300A937FE /* VideoTableViewCell.xib */ = {isa = PBXFileReference; lastKnownFileType = file.xib; path = VideoTableViewCell.xib; sourceTree = "<group>"; };
		4E8C239620401F7E00A937FE /* BaseViewController.swift */ = {isa = PBXFileReference; lastKnownFileType = sourcecode.swift; path = BaseViewController.swift; sourceTree = "<group>"; };
		4E8C239820401F8900A937FE /* PageController.swift */ = {isa = PBXFileReference; lastKnownFileType = sourcecode.swift; path = PageController.swift; sourceTree = "<group>"; };
		4E8C239C204020C400A937FE /* PhotoCollectionViewController.swift */ = {isa = PBXFileReference; lastKnownFileType = sourcecode.swift; path = PhotoCollectionViewController.swift; sourceTree = "<group>"; };
		4E8C239E2040260100A937FE /* VideoTableViewController.swift */ = {isa = PBXFileReference; lastKnownFileType = sourcecode.swift; path = VideoTableViewController.swift; sourceTree = "<group>"; };
		4E8C23A02040262800A937FE /* MediaDetailPageViewController.swift */ = {isa = PBXFileReference; lastKnownFileType = sourcecode.swift; path = MediaDetailPageViewController.swift; sourceTree = "<group>"; };
		4E8C23A220403B7A00A937FE /* MainViewController.swift */ = {isa = PBXFileReference; lastKnownFileType = sourcecode.swift; path = MainViewController.swift; sourceTree = "<group>"; };
		4E8C23A720403C1300A937FE /* MainViewModel.swift */ = {isa = PBXFileReference; lastKnownFileType = sourcecode.swift; path = MainViewModel.swift; sourceTree = "<group>"; };
		4E8C23AA20403D7B00A937FE /* Cell+Extensions.swift */ = {isa = PBXFileReference; lastKnownFileType = sourcecode.swift; path = "Cell+Extensions.swift"; sourceTree = "<group>"; };
		4E8C23AC20403DCE00A937FE /* BaseCellViewModel.swift */ = {isa = PBXFileReference; lastKnownFileType = sourcecode.swift; path = BaseCellViewModel.swift; sourceTree = "<group>"; };
		4E8C23AE2040430800A937FE /* UICollectionView+Extensions.swift */ = {isa = PBXFileReference; lastKnownFileType = sourcecode.swift; path = "UICollectionView+Extensions.swift"; sourceTree = "<group>"; };
		4E8C23B020405EA000A937FE /* MediaPageModel.swift */ = {isa = PBXFileReference; lastKnownFileType = sourcecode.swift; path = MediaPageModel.swift; sourceTree = "<group>"; };
		4E8C23B220405EEC00A937FE /* PhotoModel.swift */ = {isa = PBXFileReference; lastKnownFileType = sourcecode.swift; path = PhotoModel.swift; sourceTree = "<group>"; };
		4E8C23B42040786F00A937FE /* UIButton+Extensions.swift */ = {isa = PBXFileReference; lastKnownFileType = sourcecode.swift; path = "UIButton+Extensions.swift"; sourceTree = "<group>"; };
		4E8C23B620407BBF00A937FE /* PhotoCollectionViewController.xib */ = {isa = PBXFileReference; lastKnownFileType = file.xib; path = PhotoCollectionViewController.xib; sourceTree = "<group>"; };
		4E8C23B820407C0700A937FE /* VideoTableViewController.xib */ = {isa = PBXFileReference; lastKnownFileType = file.xib; path = VideoTableViewController.xib; sourceTree = "<group>"; };
		4E8C23BB20407EC800A937FE /* MainManager.swift */ = {isa = PBXFileReference; lastKnownFileType = sourcecode.swift; path = MainManager.swift; sourceTree = "<group>"; };
		4E8C23BE20408B6C00A937FE /* LoadingView.swift */ = {isa = PBXFileReference; lastKnownFileType = sourcecode.swift; path = LoadingView.swift; sourceTree = "<group>"; };
		4E8C23BF20408B6C00A937FE /* LoadingView.xib */ = {isa = PBXFileReference; lastKnownFileType = file.xib; path = LoadingView.xib; sourceTree = "<group>"; };
		4EF53A0220434A4600AE9B31 /* UIImageView+Extensions.swift */ = {isa = PBXFileReference; lastKnownFileType = sourcecode.swift; path = "UIImageView+Extensions.swift"; sourceTree = "<group>"; };
		4EF53A042044235200AE9B31 /* PhotosViewModel.swift */ = {isa = PBXFileReference; lastKnownFileType = sourcecode.swift; path = PhotosViewModel.swift; sourceTree = "<group>"; };
		4EF53A062044235E00AE9B31 /* MediaCellViewModel.swift */ = {isa = PBXFileReference; lastKnownFileType = sourcecode.swift; path = MediaCellViewModel.swift; sourceTree = "<group>"; };
		4EF53A082044284500AE9B31 /* String+Extensions.swift */ = {isa = PBXFileReference; lastKnownFileType = sourcecode.swift; path = "String+Extensions.swift"; sourceTree = "<group>"; };
		4EF53A0A204429F600AE9B31 /* PaginationManager.swift */ = {isa = PBXFileReference; lastKnownFileType = sourcecode.swift; path = PaginationManager.swift; sourceTree = "<group>"; };
		4EF53A0C2044697A00AE9B31 /* GettyImage.swift */ = {isa = PBXFileReference; lastKnownFileType = sourcecode.swift; path = GettyImage.swift; sourceTree = "<group>"; };
		4EF53A0F2044878E00AE9B31 /* BakerView.swift */ = {isa = PBXFileReference; lastKnownFileType = sourcecode.swift; path = BakerView.swift; sourceTree = "<group>"; };
		4EF53A1120449F4A00AE9B31 /* VideoModel.swift */ = {isa = PBXFileReference; lastKnownFileType = sourcecode.swift; path = VideoModel.swift; sourceTree = "<group>"; };
		4EF53A132044A55D00AE9B31 /* MediasViewModel.swift */ = {isa = PBXFileReference; lastKnownFileType = sourcecode.swift; path = MediasViewModel.swift; sourceTree = "<group>"; };
		4EF53A152044AB0700AE9B31 /* VideosViewModel.swift */ = {isa = PBXFileReference; lastKnownFileType = sourcecode.swift; path = VideosViewModel.swift; sourceTree = "<group>"; };
		4EF53A182044BF1100AE9B31 /* MediaDetailContentViewController.swift */ = {isa = PBXFileReference; lastKnownFileType = sourcecode.swift; path = MediaDetailContentViewController.swift; sourceTree = "<group>"; };
		4EF53A192044BF1100AE9B31 /* MediaDetailContentViewController.xib */ = {isa = PBXFileReference; lastKnownFileType = file.xib; path = MediaDetailContentViewController.xib; sourceTree = "<group>"; };
/* End PBXFileReference section */

/* Begin PBXFrameworksBuildPhase section */
		4E8C2337203F2BC800A937FE /* Frameworks */ = {
			isa = PBXFrameworksBuildPhase;
			buildActionMask = 2147483647;
			files = (
			);
			runOnlyForDeploymentPostprocessing = 0;
		};
		4E8C234B203F2BC800A937FE /* Frameworks */ = {
			isa = PBXFrameworksBuildPhase;
			buildActionMask = 2147483647;
			files = (
			);
			runOnlyForDeploymentPostprocessing = 0;
		};
		4E8C2356203F2BC800A937FE /* Frameworks */ = {
			isa = PBXFrameworksBuildPhase;
			buildActionMask = 2147483647;
			files = (
			);
			runOnlyForDeploymentPostprocessing = 0;
		};
/* End PBXFrameworksBuildPhase section */

/* Begin PBXGroup section */
		4E8C2331203F2BC800A937FE = {
			isa = PBXGroup;
			children = (
				4E8C233C203F2BC800A937FE /* senfonico */,
				4E8C2351203F2BC800A937FE /* senfonicoTests */,
				4E8C235C203F2BC800A937FE /* senfonicoUITests */,
				4E8C233B203F2BC800A937FE /* Products */,
			);
			sourceTree = "<group>";
		};
		4E8C233B203F2BC800A937FE /* Products */ = {
			isa = PBXGroup;
			children = (
				4E8C233A203F2BC800A937FE /* senfonico.app */,
				4E8C234E203F2BC800A937FE /* senfonicoTests.xctest */,
				4E8C2359203F2BC800A937FE /* senfonicoUITests.xctest */,
			);
			name = Products;
			sourceTree = "<group>";
		};
		4E8C233C203F2BC800A937FE /* senfonico */ = {
			isa = PBXGroup;
			children = (
				4E8C236F203F2BE600A937FE /* Extensions */,
				4E8C236E203F2BE000A937FE /* Classes */,
				4E8C236D203F2BDC00A937FE /* Views */,
				4E8C236C203F2BD500A937FE /* ViewModels */,
				4E8C236B203F2BCF00A937FE /* ViewControllers */,
				4E8C233D203F2BC800A937FE /* AppDelegate.swift */,
				4E8C2341203F2BC800A937FE /* Main.storyboard */,
				4E8C2344203F2BC800A937FE /* Assets.xcassets */,
				4E8C2346203F2BC800A937FE /* LaunchScreen.storyboard */,
				4E8C2349203F2BC800A937FE /* Info.plist */,
			);
			path = senfonico;
			sourceTree = "<group>";
		};
		4E8C2351203F2BC800A937FE /* senfonicoTests */ = {
			isa = PBXGroup;
			children = (
				4E8C2352203F2BC800A937FE /* senfonicoTests.swift */,
				4E8C2354203F2BC800A937FE /* Info.plist */,
			);
			path = senfonicoTests;
			sourceTree = "<group>";
		};
		4E8C235C203F2BC800A937FE /* senfonicoUITests */ = {
			isa = PBXGroup;
			children = (
				4E8C235D203F2BC800A937FE /* senfonicoUITests.swift */,
				4E8C235F203F2BC800A937FE /* Info.plist */,
			);
			path = senfonicoUITests;
			sourceTree = "<group>";
		};
		4E8C236B203F2BCF00A937FE /* ViewControllers */ = {
			isa = PBXGroup;
			children = (
				4E8C239A2040209300A937FE /* Main */,
				4E8C2372203F2C0400A937FE /* Base */,
			);
			path = ViewControllers;
			sourceTree = "<group>";
		};
		4E8C236C203F2BD500A937FE /* ViewModels */ = {
			isa = PBXGroup;
			children = (
				4E8C23A920403C2500A937FE /* Commons */,
				4E8C23A620403BEE00A937FE /* Photos */,
				4E8C23A520403BE700A937FE /* Videos */,
				4E8C23A420403BE000A937FE /* Main */,
			);
			path = ViewModels;
			sourceTree = "<group>";
		};
		4E8C236D203F2BDC00A937FE /* Views */ = {
			isa = PBXGroup;
			children = (
				4EF53A0E2044877C00AE9B31 /* BakerView */,
				4E8C23BD20408B4B00A937FE /* LoadingView */,
				4E8C238920401AB900A937FE /* Cells */,
			);
			path = Views;
			sourceTree = "<group>";
		};
		4E8C236E203F2BE000A937FE /* Classes */ = {
			isa = PBXGroup;
			children = (
				4E8C23BA20407EB900A937FE /* Managers */,
				4E8C2371203F2BFC00A937FE /* Models */,
				4E8C2370203F2BF200A937FE /* Service */,
			);
			path = Classes;
			sourceTree = "<group>";
		};
		4E8C236F203F2BE600A937FE /* Extensions */ = {
			isa = PBXGroup;
			children = (
				4E8C2384203F6A7600A937FE /* Foundation */,
				4E8C2383203F6A6F00A937FE /* UIKit */,
			);
			path = Extensions;
			sourceTree = "<group>";
		};
		4E8C2370203F2BF200A937FE /* Service */ = {
			isa = PBXGroup;
			children = (
				4E8C2375203F2DC300A937FE /* ServiceManager.swift */,
				4E8C237D203F4D8A00A937FE /* APITarget.swift */,
				4E8C2377203F2E0C00A937FE /* RequestTarget.swift */,
				4E8C2379203F454100A937FE /* Method.swift */,
				4E8C237B203F464A00A937FE /* Flickr.swift */,
				4EF53A0C2044697A00AE9B31 /* GettyImage.swift */,
			);
			path = Service;
			sourceTree = "<group>";
		};
		4E8C2371203F2BFC00A937FE /* Models */ = {
			isa = PBXGroup;
			children = (
				4EF53A1120449F4A00AE9B31 /* VideoModel.swift */,
				4E8C23B220405EEC00A937FE /* PhotoModel.swift */,
				4E8C23B020405EA000A937FE /* MediaPageModel.swift */,
				4E8C237F203F67D900A937FE /* ResponseModel.swift */,
				4E8C2381203F689300A937FE /* BaseModel.swift */,
			);
			path = Models;
			sourceTree = "<group>";
		};
		4E8C2372203F2C0400A937FE /* Base */ = {
			isa = PBXGroup;
			children = (
				4E8C239820401F8900A937FE /* PageController.swift */,
				4E8C239620401F7E00A937FE /* BaseViewController.swift */,
			);
			path = Base;
			sourceTree = "<group>";
		};
		4E8C2373203F2C0900A937FE /* Photos */ = {
			isa = PBXGroup;
			children = (
				4E8C239C204020C400A937FE /* PhotoCollectionViewController.swift */,
				4E8C23B620407BBF00A937FE /* PhotoCollectionViewController.xib */,
			);
			path = Photos;
			sourceTree = "<group>";
		};
		4E8C2374203F2C3300A937FE /* Detail */ = {
			isa = PBXGroup;
			children = (
				4EF53A172044BEED00AE9B31 /* Page */,
				4E8C23A02040262800A937FE /* MediaDetailPageViewController.swift */,
			);
			path = Detail;
			sourceTree = "<group>";
		};
		4E8C2383203F6A6F00A937FE /* UIKit */ = {
			isa = PBXGroup;
			children = (
				4E8C23B42040786F00A937FE /* UIButton+Extensions.swift */,
				4E8C23AA20403D7B00A937FE /* Cell+Extensions.swift */,
				4E8C23AE2040430800A937FE /* UICollectionView+Extensions.swift */,
				4E8C2387204018C800A937FE /* UITableView+Extensions.swift */,
				4EF53A0220434A4600AE9B31 /* UIImageView+Extensions.swift */,
			);
			path = UIKit;
			sourceTree = "<group>";
		};
		4E8C2384203F6A7600A937FE /* Foundation */ = {
			isa = PBXGroup;
			children = (
				4EF53A082044284500AE9B31 /* String+Extensions.swift */,
			);
			path = Foundation;
			sourceTree = "<group>";
		};
		4E8C238920401AB900A937FE /* Cells */ = {
			isa = PBXGroup;
			children = (
				4E8C238B20401AC800A937FE /* Table */,
				4E8C238A20401AC200A937FE /* Collection */,
			);
			path = Cells;
			sourceTree = "<group>";
		};
		4E8C238A20401AC200A937FE /* Collection */ = {
			isa = PBXGroup;
			children = (
				4E8C239520401AFF00A937FE /* Photo */,
			);
			path = Collection;
			sourceTree = "<group>";
		};
		4E8C238B20401AC800A937FE /* Table */ = {
			isa = PBXGroup;
			children = (
				4E8C239420401AF600A937FE /* Video */,
			);
			path = Table;
			sourceTree = "<group>";
		};
		4E8C239420401AF600A937FE /* Video */ = {
			isa = PBXGroup;
			children = (
				4E8C239020401AF300A937FE /* VideoTableViewCell.swift */,
				4E8C239120401AF300A937FE /* VideoTableViewCell.xib */,
			);
			path = Video;
			sourceTree = "<group>";
		};
		4E8C239520401AFF00A937FE /* Photo */ = {
			isa = PBXGroup;
			children = (
				4E8C238C20401ADD00A937FE /* PhotoCollectionViewCell.swift */,
				4E8C238D20401ADD00A937FE /* PhotoCollectionViewCell.xib */,
			);
			path = Photo;
			sourceTree = "<group>";
		};
		4E8C239A2040209300A937FE /* Main */ = {
			isa = PBXGroup;
			children = (
				4E8C2374203F2C3300A937FE /* Detail */,
				4E8C239B204020A000A937FE /* Videos */,
				4E8C2373203F2C0900A937FE /* Photos */,
				4E8C23A220403B7A00A937FE /* MainViewController.swift */,
			);
			path = Main;
			sourceTree = "<group>";
		};
		4E8C239B204020A000A937FE /* Videos */ = {
			isa = PBXGroup;
			children = (
				4E8C239E2040260100A937FE /* VideoTableViewController.swift */,
				4E8C23B820407C0700A937FE /* VideoTableViewController.xib */,
			);
			path = Videos;
			sourceTree = "<group>";
		};
		4E8C23A420403BE000A937FE /* Main */ = {
			isa = PBXGroup;
			children = (
				4E8C23A720403C1300A937FE /* MainViewModel.swift */,
			);
			path = Main;
			sourceTree = "<group>";
		};
		4E8C23A520403BE700A937FE /* Videos */ = {
			isa = PBXGroup;
			children = (
			);
			path = Videos;
			sourceTree = "<group>";
		};
		4E8C23A620403BEE00A937FE /* Photos */ = {
			isa = PBXGroup;
			children = (
				4EF53A132044A55D00AE9B31 /* MediasViewModel.swift */,
				4EF53A152044AB0700AE9B31 /* VideosViewModel.swift */,
				4EF53A042044235200AE9B31 /* PhotosViewModel.swift */,
				4EF53A062044235E00AE9B31 /* MediaCellViewModel.swift */,
			);
			path = Photos;
			sourceTree = "<group>";
		};
		4E8C23A920403C2500A937FE /* Commons */ = {
			isa = PBXGroup;
			children = (
				4E8C23AC20403DCE00A937FE /* BaseCellViewModel.swift */,
			);
			path = Commons;
			sourceTree = "<group>";
		};
		4E8C23BA20407EB900A937FE /* Managers */ = {
			isa = PBXGroup;
			children = (
				4E8C23BB20407EC800A937FE /* MainManager.swift */,
				4EF53A0A204429F600AE9B31 /* PaginationManager.swift */,
			);
			path = Managers;
			sourceTree = "<group>";
		};
		4E8C23BD20408B4B00A937FE /* LoadingView */ = {
			isa = PBXGroup;
			children = (
				4E8C23BE20408B6C00A937FE /* LoadingView.swift */,
				4E8C23BF20408B6C00A937FE /* LoadingView.xib */,
			);
			path = LoadingView;
			sourceTree = "<group>";
		};
		4EF53A0E2044877C00AE9B31 /* BakerView */ = {
			isa = PBXGroup;
			children = (
				4EF53A0F2044878E00AE9B31 /* BakerView.swift */,
			);
			path = BakerView;
			sourceTree = "<group>";
		};
		4EF53A172044BEED00AE9B31 /* Page */ = {
			isa = PBXGroup;
			children = (
				4EF53A182044BF1100AE9B31 /* MediaDetailContentViewController.swift */,
				4EF53A192044BF1100AE9B31 /* MediaDetailContentViewController.xib */,
			);
			path = Page;
			sourceTree = "<group>";
		};
/* End PBXGroup section */

/* Begin PBXNativeTarget section */
		4E8C2339203F2BC800A937FE /* senfonico */ = {
			isa = PBXNativeTarget;
			buildConfigurationList = 4E8C2362203F2BC800A937FE /* Build configuration list for PBXNativeTarget "senfonico" */;
			buildPhases = (
				4E8C2336203F2BC800A937FE /* Sources */,
				4E8C2337203F2BC800A937FE /* Frameworks */,
				4E8C2338203F2BC800A937FE /* Resources */,
			);
			buildRules = (
			);
			dependencies = (
			);
			name = senfonico;
			productName = senfonico;
			productReference = 4E8C233A203F2BC800A937FE /* senfonico.app */;
			productType = "com.apple.product-type.application";
		};
		4E8C234D203F2BC800A937FE /* senfonicoTests */ = {
			isa = PBXNativeTarget;
			buildConfigurationList = 4E8C2365203F2BC800A937FE /* Build configuration list for PBXNativeTarget "senfonicoTests" */;
			buildPhases = (
				4E8C234A203F2BC800A937FE /* Sources */,
				4E8C234B203F2BC800A937FE /* Frameworks */,
				4E8C234C203F2BC800A937FE /* Resources */,
			);
			buildRules = (
			);
			dependencies = (
				4E8C2350203F2BC800A937FE /* PBXTargetDependency */,
			);
			name = senfonicoTests;
			productName = senfonicoTests;
			productReference = 4E8C234E203F2BC800A937FE /* senfonicoTests.xctest */;
			productType = "com.apple.product-type.bundle.unit-test";
		};
		4E8C2358203F2BC800A937FE /* senfonicoUITests */ = {
			isa = PBXNativeTarget;
			buildConfigurationList = 4E8C2368203F2BC800A937FE /* Build configuration list for PBXNativeTarget "senfonicoUITests" */;
			buildPhases = (
				4E8C2355203F2BC800A937FE /* Sources */,
				4E8C2356203F2BC800A937FE /* Frameworks */,
				4E8C2357203F2BC800A937FE /* Resources */,
			);
			buildRules = (
			);
			dependencies = (
				4E8C235B203F2BC800A937FE /* PBXTargetDependency */,
			);
			name = senfonicoUITests;
			productName = senfonicoUITests;
			productReference = 4E8C2359203F2BC800A937FE /* senfonicoUITests.xctest */;
			productType = "com.apple.product-type.bundle.ui-testing";
		};
/* End PBXNativeTarget section */

/* Begin PBXProject section */
		4E8C2332203F2BC800A937FE /* Project object */ = {
			isa = PBXProject;
			attributes = {
				LastSwiftUpdateCheck = 0920;
				LastUpgradeCheck = 0920;
				ORGANIZATIONNAME = "senfonico-interview";
				TargetAttributes = {
					4E8C2339203F2BC800A937FE = {
						CreatedOnToolsVersion = 9.2;
						ProvisioningStyle = Automatic;
					};
					4E8C234D203F2BC800A937FE = {
						CreatedOnToolsVersion = 9.2;
						ProvisioningStyle = Automatic;
						TestTargetID = 4E8C2339203F2BC800A937FE;
					};
					4E8C2358203F2BC800A937FE = {
						CreatedOnToolsVersion = 9.2;
						ProvisioningStyle = Automatic;
						TestTargetID = 4E8C2339203F2BC800A937FE;
					};
				};
			};
			buildConfigurationList = 4E8C2335203F2BC800A937FE /* Build configuration list for PBXProject "senfonico" */;
			compatibilityVersion = "Xcode 8.0";
			developmentRegion = en;
			hasScannedForEncodings = 0;
			knownRegions = (
				en,
				Base,
			);
			mainGroup = 4E8C2331203F2BC800A937FE;
			productRefGroup = 4E8C233B203F2BC800A937FE /* Products */;
			projectDirPath = "";
			projectRoot = "";
			targets = (
				4E8C2339203F2BC800A937FE /* senfonico */,
				4E8C234D203F2BC800A937FE /* senfonicoTests */,
				4E8C2358203F2BC800A937FE /* senfonicoUITests */,
			);
		};
/* End PBXProject section */

/* Begin PBXResourcesBuildPhase section */
		4E8C2338203F2BC800A937FE /* Resources */ = {
			isa = PBXResourcesBuildPhase;
			buildActionMask = 2147483647;
			files = (
				4E8C2348203F2BC800A937FE /* LaunchScreen.storyboard in Resources */,
				4E8C23C120408B6C00A937FE /* LoadingView.xib in Resources */,
				4E8C238F20401ADD00A937FE /* PhotoCollectionViewCell.xib in Resources */,
				4E8C2345203F2BC800A937FE /* Assets.xcassets in Resources */,
				4E8C23B920407C0700A937FE /* VideoTableViewController.xib in Resources */,
				4E8C239320401AF300A937FE /* VideoTableViewCell.xib in Resources */,
				4EF53A1B2044BF1100AE9B31 /* MediaDetailContentViewController.xib in Resources */,
				4E8C2343203F2BC800A937FE /* Main.storyboard in Resources */,
				4E8C23B720407BBF00A937FE /* PhotoCollectionViewController.xib in Resources */,
			);
			runOnlyForDeploymentPostprocessing = 0;
		};
		4E8C234C203F2BC800A937FE /* Resources */ = {
			isa = PBXResourcesBuildPhase;
			buildActionMask = 2147483647;
			files = (
			);
			runOnlyForDeploymentPostprocessing = 0;
		};
		4E8C2357203F2BC800A937FE /* Resources */ = {
			isa = PBXResourcesBuildPhase;
			buildActionMask = 2147483647;
			files = (
			);
			runOnlyForDeploymentPostprocessing = 0;
		};
/* End PBXResourcesBuildPhase section */

/* Begin PBXSourcesBuildPhase section */
		4E8C2336203F2BC800A937FE /* Sources */ = {
			isa = PBXSourcesBuildPhase;
			buildActionMask = 2147483647;
			files = (
				4E8C2388204018C800A937FE /* UITableView+Extensions.swift in Sources */,
				4EF53A0320434A4600AE9B31 /* UIImageView+Extensions.swift in Sources */,
				4E8C23B52040786F00A937FE /* UIButton+Extensions.swift in Sources */,
				4E8C238E20401ADD00A937FE /* PhotoCollectionViewCell.swift in Sources */,
				4E8C237A203F454100A937FE /* Method.swift in Sources */,
				4E8C239220401AF300A937FE /* VideoTableViewCell.swift in Sources */,
				4EF53A102044878E00AE9B31 /* BakerView.swift in Sources */,
				4E8C2378203F2E0C00A937FE /* RequestTarget.swift in Sources */,
				4E8C239920401F8900A937FE /* PageController.swift in Sources */,
				4E8C239720401F7E00A937FE /* BaseViewController.swift in Sources */,
				4E8C23B320405EEC00A937FE /* PhotoModel.swift in Sources */,
				4EF53A092044284500AE9B31 /* String+Extensions.swift in Sources */,
				4EF53A0B204429F600AE9B31 /* PaginationManager.swift in Sources */,
				4E8C23A320403B7A00A937FE /* MainViewController.swift in Sources */,
				4EF53A162044AB0700AE9B31 /* VideosViewModel.swift in Sources */,
				4E8C239F2040260100A937FE /* VideoTableViewController.swift in Sources */,
				4E8C23C020408B6C00A937FE /* LoadingView.swift in Sources */,
				4EF53A1A2044BF1100AE9B31 /* MediaDetailContentViewController.swift in Sources */,
				4E8C23AB20403D7B00A937FE /* Cell+Extensions.swift in Sources */,
				4E8C23AD20403DCE00A937FE /* BaseCellViewModel.swift in Sources */,
				4E8C237C203F464A00A937FE /* Flickr.swift in Sources */,
				4E8C23B120405EA000A937FE /* MediaPageModel.swift in Sources */,
				4E8C233E203F2BC800A937FE /* AppDelegate.swift in Sources */,
				4E8C239D204020C400A937FE /* PhotoCollectionViewController.swift in Sources */,
				4E8C23AF2040430800A937FE /* UICollectionView+Extensions.swift in Sources */,
				4E8C23A12040262800A937FE /* MediaDetailPageViewController.swift in Sources */,
				4EF53A052044235200AE9B31 /* PhotosViewModel.swift in Sources */,
				4EF53A1220449F4A00AE9B31 /* VideoModel.swift in Sources */,
				4E8C2380203F67D900A937FE /* ResponseModel.swift in Sources */,
				4E8C2376203F2DC300A937FE /* ServiceManager.swift in Sources */,
				4E8C237E203F4D8A00A937FE /* APITarget.swift in Sources */,
				4EF53A0D2044697A00AE9B31 /* GettyImage.swift in Sources */,
				4E8C2382203F689300A937FE /* BaseModel.swift in Sources */,
				4EF53A072044235E00AE9B31 /* MediaCellViewModel.swift in Sources */,
				4EF53A142044A55D00AE9B31 /* MediasViewModel.swift in Sources */,
				4E8C23BC20407EC800A937FE /* MainManager.swift in Sources */,
				4E8C23A820403C1300A937FE /* MainViewModel.swift in Sources */,
			);
			runOnlyForDeploymentPostprocessing = 0;
		};
		4E8C234A203F2BC800A937FE /* Sources */ = {
			isa = PBXSourcesBuildPhase;
			buildActionMask = 2147483647;
			files = (
				4E8C2353203F2BC800A937FE /* senfonicoTests.swift in Sources */,
			);
			runOnlyForDeploymentPostprocessing = 0;
		};
		4E8C2355203F2BC800A937FE /* Sources */ = {
			isa = PBXSourcesBuildPhase;
			buildActionMask = 2147483647;
			files = (
				4E8C235E203F2BC800A937FE /* senfonicoUITests.swift in Sources */,
			);
			runOnlyForDeploymentPostprocessing = 0;
		};
/* End PBXSourcesBuildPhase section */

/* Begin PBXTargetDependency section */
		4E8C2350203F2BC800A937FE /* PBXTargetDependency */ = {
			isa = PBXTargetDependency;
			target = 4E8C2339203F2BC800A937FE /* senfonico */;
			targetProxy = 4E8C234F203F2BC800A937FE /* PBXContainerItemProxy */;
		};
		4E8C235B203F2BC800A937FE /* PBXTargetDependency */ = {
			isa = PBXTargetDependency;
			target = 4E8C2339203F2BC800A937FE /* senfonico */;
			targetProxy = 4E8C235A203F2BC800A937FE /* PBXContainerItemProxy */;
		};
/* End PBXTargetDependency section */

/* Begin PBXVariantGroup section */
		4E8C2341203F2BC800A937FE /* Main.storyboard */ = {
			isa = PBXVariantGroup;
			children = (
				4E8C2342203F2BC800A937FE /* Base */,
			);
			name = Main.storyboard;
			sourceTree = "<group>";
		};
		4E8C2346203F2BC800A937FE /* LaunchScreen.storyboard */ = {
			isa = PBXVariantGroup;
			children = (
				4E8C2347203F2BC800A937FE /* Base */,
			);
			name = LaunchScreen.storyboard;
			sourceTree = "<group>";
		};
/* End PBXVariantGroup section */

/* Begin XCBuildConfiguration section */
		4E8C2360203F2BC800A937FE /* Debug */ = {
			isa = XCBuildConfiguration;
			buildSettings = {
				ALWAYS_SEARCH_USER_PATHS = NO;
				CLANG_ANALYZER_NONNULL = YES;
				CLANG_ANALYZER_NUMBER_OBJECT_CONVERSION = YES_AGGRESSIVE;
				CLANG_CXX_LANGUAGE_STANDARD = "gnu++14";
				CLANG_CXX_LIBRARY = "libc++";
				CLANG_ENABLE_MODULES = YES;
				CLANG_ENABLE_OBJC_ARC = YES;
				CLANG_WARN_BLOCK_CAPTURE_AUTORELEASING = YES;
				CLANG_WARN_BOOL_CONVERSION = YES;
				CLANG_WARN_COMMA = YES;
				CLANG_WARN_CONSTANT_CONVERSION = YES;
				CLANG_WARN_DIRECT_OBJC_ISA_USAGE = YES_ERROR;
				CLANG_WARN_DOCUMENTATION_COMMENTS = YES;
				CLANG_WARN_EMPTY_BODY = YES;
				CLANG_WARN_ENUM_CONVERSION = YES;
				CLANG_WARN_INFINITE_RECURSION = YES;
				CLANG_WARN_INT_CONVERSION = YES;
				CLANG_WARN_NON_LITERAL_NULL_CONVERSION = YES;
				CLANG_WARN_OBJC_LITERAL_CONVERSION = YES;
				CLANG_WARN_OBJC_ROOT_CLASS = YES_ERROR;
				CLANG_WARN_RANGE_LOOP_ANALYSIS = YES;
				CLANG_WARN_STRICT_PROTOTYPES = YES;
				CLANG_WARN_SUSPICIOUS_MOVE = YES;
				CLANG_WARN_UNGUARDED_AVAILABILITY = YES_AGGRESSIVE;
				CLANG_WARN_UNREACHABLE_CODE = YES;
				CLANG_WARN__DUPLICATE_METHOD_MATCH = YES;
				CODE_SIGN_IDENTITY = "iPhone Developer";
				COPY_PHASE_STRIP = NO;
				DEBUG_INFORMATION_FORMAT = dwarf;
				ENABLE_STRICT_OBJC_MSGSEND = YES;
				ENABLE_TESTABILITY = YES;
				GCC_C_LANGUAGE_STANDARD = gnu11;
				GCC_DYNAMIC_NO_PIC = NO;
				GCC_NO_COMMON_BLOCKS = YES;
				GCC_OPTIMIZATION_LEVEL = 0;
				GCC_PREPROCESSOR_DEFINITIONS = (
					"DEBUG=1",
					"$(inherited)",
				);
				GCC_WARN_64_TO_32_BIT_CONVERSION = YES;
				GCC_WARN_ABOUT_RETURN_TYPE = YES_ERROR;
				GCC_WARN_UNDECLARED_SELECTOR = YES;
				GCC_WARN_UNINITIALIZED_AUTOS = YES_AGGRESSIVE;
				GCC_WARN_UNUSED_FUNCTION = YES;
				GCC_WARN_UNUSED_VARIABLE = YES;
				IPHONEOS_DEPLOYMENT_TARGET = 10.1;
				MTL_ENABLE_DEBUG_INFO = YES;
				ONLY_ACTIVE_ARCH = YES;
				SDKROOT = iphoneos;
				SWIFT_ACTIVE_COMPILATION_CONDITIONS = DEBUG;
				SWIFT_OPTIMIZATION_LEVEL = "-Onone";
			};
			name = Debug;
		};
		4E8C2361203F2BC800A937FE /* Release */ = {
			isa = XCBuildConfiguration;
			buildSettings = {
				ALWAYS_SEARCH_USER_PATHS = NO;
				CLANG_ANALYZER_NONNULL = YES;
				CLANG_ANALYZER_NUMBER_OBJECT_CONVERSION = YES_AGGRESSIVE;
				CLANG_CXX_LANGUAGE_STANDARD = "gnu++14";
				CLANG_CXX_LIBRARY = "libc++";
				CLANG_ENABLE_MODULES = YES;
				CLANG_ENABLE_OBJC_ARC = YES;
				CLANG_WARN_BLOCK_CAPTURE_AUTORELEASING = YES;
				CLANG_WARN_BOOL_CONVERSION = YES;
				CLANG_WARN_COMMA = YES;
				CLANG_WARN_CONSTANT_CONVERSION = YES;
				CLANG_WARN_DIRECT_OBJC_ISA_USAGE = YES_ERROR;
				CLANG_WARN_DOCUMENTATION_COMMENTS = YES;
				CLANG_WARN_EMPTY_BODY = YES;
				CLANG_WARN_ENUM_CONVERSION = YES;
				CLANG_WARN_INFINITE_RECURSION = YES;
				CLANG_WARN_INT_CONVERSION = YES;
				CLANG_WARN_NON_LITERAL_NULL_CONVERSION = YES;
				CLANG_WARN_OBJC_LITERAL_CONVERSION = YES;
				CLANG_WARN_OBJC_ROOT_CLASS = YES_ERROR;
				CLANG_WARN_RANGE_LOOP_ANALYSIS = YES;
				CLANG_WARN_STRICT_PROTOTYPES = YES;
				CLANG_WARN_SUSPICIOUS_MOVE = YES;
				CLANG_WARN_UNGUARDED_AVAILABILITY = YES_AGGRESSIVE;
				CLANG_WARN_UNREACHABLE_CODE = YES;
				CLANG_WARN__DUPLICATE_METHOD_MATCH = YES;
				CODE_SIGN_IDENTITY = "iPhone Developer";
				COPY_PHASE_STRIP = NO;
				DEBUG_INFORMATION_FORMAT = "dwarf-with-dsym";
				ENABLE_NS_ASSERTIONS = NO;
				ENABLE_STRICT_OBJC_MSGSEND = YES;
				GCC_C_LANGUAGE_STANDARD = gnu11;
				GCC_NO_COMMON_BLOCKS = YES;
				GCC_WARN_64_TO_32_BIT_CONVERSION = YES;
				GCC_WARN_ABOUT_RETURN_TYPE = YES_ERROR;
				GCC_WARN_UNDECLARED_SELECTOR = YES;
				GCC_WARN_UNINITIALIZED_AUTOS = YES_AGGRESSIVE;
				GCC_WARN_UNUSED_FUNCTION = YES;
				GCC_WARN_UNUSED_VARIABLE = YES;
				IPHONEOS_DEPLOYMENT_TARGET = 10.1;
				MTL_ENABLE_DEBUG_INFO = NO;
				SDKROOT = iphoneos;
				SWIFT_OPTIMIZATION_LEVEL = "-Owholemodule";
				VALIDATE_PRODUCT = YES;
			};
			name = Release;
		};
		4E8C2363203F2BC800A937FE /* Debug */ = {
			isa = XCBuildConfiguration;
			buildSettings = {
				ASSETCATALOG_COMPILER_APPICON_NAME = AppIcon;
				CODE_SIGN_STYLE = Automatic;
				DEVELOPMENT_TEAM = AGEQK67NW9;
				INFOPLIST_FILE = senfonico/Info.plist;
				LD_RUNPATH_SEARCH_PATHS = "$(inherited) @executable_path/Frameworks";
				PRODUCT_BUNDLE_IDENTIFIER = com.interview.senfonico;
				PRODUCT_NAME = "$(TARGET_NAME)";
				SWIFT_VERSION = 4.0;
				TARGETED_DEVICE_FAMILY = 1;
			};
			name = Debug;
		};
		4E8C2364203F2BC800A937FE /* Release */ = {
			isa = XCBuildConfiguration;
			buildSettings = {
				ASSETCATALOG_COMPILER_APPICON_NAME = AppIcon;
				CODE_SIGN_STYLE = Automatic;
				DEVELOPMENT_TEAM = AGEQK67NW9;
				INFOPLIST_FILE = senfonico/Info.plist;
				LD_RUNPATH_SEARCH_PATHS = "$(inherited) @executable_path/Frameworks";
				PRODUCT_BUNDLE_IDENTIFIER = com.interview.senfonico;
				PRODUCT_NAME = "$(TARGET_NAME)";
				SWIFT_VERSION = 4.0;
				TARGETED_DEVICE_FAMILY = 1;
			};
			name = Release;
		};
		4E8C2366203F2BC800A937FE /* Debug */ = {
			isa = XCBuildConfiguration;
			buildSettings = {
				ALWAYS_EMBED_SWIFT_STANDARD_LIBRARIES = YES;
				BUNDLE_LOADER = "$(TEST_HOST)";
				CODE_SIGN_STYLE = Automatic;
				DEVELOPMENT_TEAM = AGEQK67NW9;
				INFOPLIST_FILE = senfonicoTests/Info.plist;
				LD_RUNPATH_SEARCH_PATHS = "$(inherited) @executable_path/Frameworks @loader_path/Frameworks";
				PRODUCT_BUNDLE_IDENTIFIER = com.interview.senfonicoTests;
				PRODUCT_NAME = "$(TARGET_NAME)";
				SWIFT_VERSION = 4.0;
				TARGETED_DEVICE_FAMILY = "1,2";
				TEST_HOST = "$(BUILT_PRODUCTS_DIR)/senfonico.app/senfonico";
			};
			name = Debug;
		};
		4E8C2367203F2BC800A937FE /* Release */ = {
			isa = XCBuildConfiguration;
			buildSettings = {
				ALWAYS_EMBED_SWIFT_STANDARD_LIBRARIES = YES;
				BUNDLE_LOADER = "$(TEST_HOST)";
				CODE_SIGN_STYLE = Automatic;
				DEVELOPMENT_TEAM = AGEQK67NW9;
				INFOPLIST_FILE = senfonicoTests/Info.plist;
				LD_RUNPATH_SEARCH_PATHS = "$(inherited) @executable_path/Frameworks @loader_path/Frameworks";
				PRODUCT_BUNDLE_IDENTIFIER = com.interview.senfonicoTests;
				PRODUCT_NAME = "$(TARGET_NAME)";
				SWIFT_VERSION = 4.0;
				TARGETED_DEVICE_FAMILY = "1,2";
				TEST_HOST = "$(BUILT_PRODUCTS_DIR)/senfonico.app/senfonico";
			};
			name = Release;
		};
		4E8C2369203F2BC800A937FE /* Debug */ = {
			isa = XCBuildConfiguration;
			buildSettings = {
				ALWAYS_EMBED_SWIFT_STANDARD_LIBRARIES = YES;
				CODE_SIGN_STYLE = Automatic;
				DEVELOPMENT_TEAM = AGEQK67NW9;
				INFOPLIST_FILE = senfonicoUITests/Info.plist;
				LD_RUNPATH_SEARCH_PATHS = "$(inherited) @executable_path/Frameworks @loader_path/Frameworks";
				PRODUCT_BUNDLE_IDENTIFIER = com.interview.senfonicoUITests;
				PRODUCT_NAME = "$(TARGET_NAME)";
				SWIFT_VERSION = 4.0;
				TARGETED_DEVICE_FAMILY = "1,2";
				TEST_TARGET_NAME = senfonico;
			};
			name = Debug;
		};
		4E8C236A203F2BC800A937FE /* Release */ = {
			isa = XCBuildConfiguration;
			buildSettings = {
				ALWAYS_EMBED_SWIFT_STANDARD_LIBRARIES = YES;
				CODE_SIGN_STYLE = Automatic;
				DEVELOPMENT_TEAM = AGEQK67NW9;
				INFOPLIST_FILE = senfonicoUITests/Info.plist;
				LD_RUNPATH_SEARCH_PATHS = "$(inherited) @executable_path/Frameworks @loader_path/Frameworks";
				PRODUCT_BUNDLE_IDENTIFIER = com.interview.senfonicoUITests;
				PRODUCT_NAME = "$(TARGET_NAME)";
				SWIFT_VERSION = 4.0;
				TARGETED_DEVICE_FAMILY = "1,2";
				TEST_TARGET_NAME = senfonico;
			};
			name = Release;
		};
/* End XCBuildConfiguration section */

/* Begin XCConfigurationList section */
		4E8C2335203F2BC800A937FE /* Build configuration list for PBXProject "senfonico" */ = {
			isa = XCConfigurationList;
			buildConfigurations = (
				4E8C2360203F2BC800A937FE /* Debug */,
				4E8C2361203F2BC800A937FE /* Release */,
			);
			defaultConfigurationIsVisible = 0;
			defaultConfigurationName = Release;
		};
		4E8C2362203F2BC800A937FE /* Build configuration list for PBXNativeTarget "senfonico" */ = {
			isa = XCConfigurationList;
			buildConfigurations = (
				4E8C2363203F2BC800A937FE /* Debug */,
				4E8C2364203F2BC800A937FE /* Release */,
			);
			defaultConfigurationIsVisible = 0;
			defaultConfigurationName = Release;
		};
		4E8C2365203F2BC800A937FE /* Build configuration list for PBXNativeTarget "senfonicoTests" */ = {
			isa = XCConfigurationList;
			buildConfigurations = (
				4E8C2366203F2BC800A937FE /* Debug */,
				4E8C2367203F2BC800A937FE /* Release */,
			);
			defaultConfigurationIsVisible = 0;
			defaultConfigurationName = Release;
		};
		4E8C2368203F2BC800A937FE /* Build configuration list for PBXNativeTarget "senfonicoUITests" */ = {
			isa = XCConfigurationList;
			buildConfigurations = (
				4E8C2369203F2BC800A937FE /* Debug */,
				4E8C236A203F2BC800A937FE /* Release */,
			);
			defaultConfigurationIsVisible = 0;
			defaultConfigurationName = Release;
		};
/* End XCConfigurationList section */
	};
	rootObject = 4E8C2332203F2BC800A937FE /* Project object */;
}
